
Microsoft Visual Studio Solution File, Format Version 12.00
# Visual Studio Version 17
VisualStudioVersion = 17.1.32210.238
MinimumVisualStudioVersion = 10.0.40219.1
Project("{FAE04EC0-301F-11D3-BF4B-00C04F79EFBC}") = "31Mart", "31Mart\31Mart.csproj", "{17F49486-A3E5-4D1E-A3BD-4B1C4685B369}"
EndProject
Global
	GlobalSection(SolutionConfigurationPlatforms) = preSolution
		Debug|Any CPU = Debug|Any CPU
		Release|Any CPU = Release|Any CPU
	EndGlobalSection
	GlobalSection(ProjectConfigurationPlatforms) = postSolution
		{17F49486-A3E5-4D1E-A3BD-4B1C4685B369}.Debug|Any CPU.ActiveCfg = Debug|Any CPU
		{17F49486-A3E5-4D1E-A3BD-4B1C4685B369}.Debug|Any CPU.Build.0 = Debug|Any CPU
		{17F49486-A3E5-4D1E-A3BD-4B1C4685B369}.Release|Any CPU.ActiveCfg = Release|Any CPU
		{17F49486-A3E5-4D1E-A3BD-4B1C4685B369}.Release|Any CPU.Build.0 = Release|Any CPU
	EndGlobalSection
	GlobalSection(SolutionProperties) = preSolution
		HideSolutionNode = FALSE
	EndGlobalSection
	GlobalSection(ExtensibilityGlobals) = postSolution
		SolutionGuid = {11206E9F-4657-4152-91DB-00E282A0EBE2}
	EndGlobalSection
EndGlobal
